
Microsoft Visual Studio Solution File, Format Version 12.00
# Visual Studio Version 16
VisualStudioVersion = 16.0.31702.278
MinimumVisualStudioVersion = 10.0.40219.1
Project("{FAE04EC0-301F-11D3-BF4B-00C04F79EFBC}") = "Untitled masterpiece", "Untitled masterpiece.csproj", "{20B0379F-6B65-40B6-A5DD-1316E296ADB3}"
EndProject
Global
	GlobalSection(SolutionConfigurationPlatforms) = preSolution
		Debug|Any CPU = Debug|Any CPU
		Release|Any CPU = Release|Any CPU
	EndGlobalSection
	GlobalSection(ProjectConfigurationPlatforms) = postSolution
		{20B0379F-6B65-40B6-A5DD-1316E296ADB3}.Debug|Any CPU.ActiveCfg = Debug|Any CPU
		{20B0379F-6B65-40B6-A5DD-1316E296ADB3}.Debug|Any CPU.Build.0 = Debug|Any CPU
		{20B0379F-6B65-40B6-A5DD-1316E296ADB3}.Release|Any CPU.ActiveCfg = Release|Any CPU
		{20B0379F-6B65-40B6-A5DD-1316E296ADB3}.Release|Any CPU.Build.0 = Release|Any CPU
	EndGlobalSection
	GlobalSection(SolutionProperties) = preSolution
		HideSolutionNode = FALSE
	EndGlobalSection
	GlobalSection(ExtensibilityGlobals) = postSolution
		SolutionGuid = {51DD7505-3256-49EE-8FA2-1B09B2327552}
	EndGlobalSection
EndGlobal
